
Microsoft Visual Studio Solution File, Format Version 12.00
# Visual Studio Version 16
VisualStudioVersion = 16.0.29102.190
MinimumVisualStudioVersion = 10.0.40219.1
Project("{FAE04EC0-301F-11D3-BF4B-00C04F79EFBC}") = "ReleaseFileBackupTool", "ReleaseFileBackupTool\ReleaseFileBackupTool.csproj", "{68A32C02-C273-4FC4-884B-EE9172B5DE54}"
EndProject
Project("{2150E333-8FDC-42A3-9474-1A3956D46DE8}") = "Solution Items", "Solution Items", "{D4C6B648-DA16-4485-A57A-415FB0F084CB}"
	ProjectSection(SolutionItems) = preProject
		README.md = README.md
	EndProjectSection
EndProject
Global
	GlobalSection(SolutionConfigurationPlatforms) = preSolution
		Debug|Any CPU = Debug|Any CPU
		Release|Any CPU = Release|Any CPU
	EndGlobalSection
	GlobalSection(ProjectConfigurationPlatforms) = postSolution
		{68A32C02-C273-4FC4-884B-EE9172B5DE54}.Debug|Any CPU.ActiveCfg = Debug|Any CPU
		{68A32C02-C273-4FC4-884B-EE9172B5DE54}.Debug|Any CPU.Build.0 = Debug|Any CPU
		{68A32C02-C273-4FC4-884B-EE9172B5DE54}.Release|Any CPU.ActiveCfg = Release|Any CPU
		{68A32C02-C273-4FC4-884B-EE9172B5DE54}.Release|Any CPU.Build.0 = Release|Any CPU
	EndGlobalSection
	GlobalSection(SolutionProperties) = preSolution
		HideSolutionNode = FALSE
	EndGlobalSection
	GlobalSection(ExtensibilityGlobals) = postSolution
		SolutionGuid = {6CDFA3DF-DE96-4936-9922-50547FB5D5D4}
	EndGlobalSection
EndGlobal
